// !$*UTF8*$!
{
	archiveVersion = 1;
	classes = {
	};
	objectVersion = 46;
	objects = {

/* Begin PBXBuildFile section */
		1474BE2D1BDE858400F63349 /* CSAMapViewController.storyboard in Resources */ = {isa = PBXBuildFile; fileRef = 1474BE2C1BDE858400F63349 /* CSAMapViewController.storyboard */; };
		1474BE341BDF945200F63349 /* RootNavigationController.swift in Sources */ = {isa = PBXBuildFile; fileRef = 1474BE331BDF945200F63349 /* RootNavigationController.swift */; };
		1474BE351BDFAF2D00F63349 /* MapViewController.swift in Sources */ = {isa = PBXBuildFile; fileRef = 1474BE301BDE87FF00F63349 /* MapViewController.swift */; };
		347A34FA228DE98EA7296A81 /* Pods_UBar_Swift.framework in Frameworks */ = {isa = PBXBuildFile; fileRef = 891ADBD517AE837AF6CCAA7B /* Pods_UBar_Swift.framework */; };
		C31087A61BE0F60600064ABE /* CSAErrorDomain.m in Sources */ = {isa = PBXBuildFile; fileRef = C31087A51BE0F60600064ABE /* CSAErrorDomain.m */; };
		C31087A91BE101E900064ABE /* UberWebViewController.m in Sources */ = {isa = PBXBuildFile; fileRef = C31087A81BE101E900064ABE /* UberWebViewController.m */; };
		C31087AF1BE102E900064ABE /* PubDetailViewController.swift in Sources */ = {isa = PBXBuildFile; fileRef = C31087AD1BE102E900064ABE /* PubDetailViewController.swift */; };
		C31087B01BE102E900064ABE /* PubsTableViewController.swift in Sources */ = {isa = PBXBuildFile; fileRef = C31087AE1BE102E900064ABE /* PubsTableViewController.swift */; };
		C31087B21BE1030A00064ABE /* LoadingViewController.swift in Sources */ = {isa = PBXBuildFile; fileRef = C31087B11BE1030A00064ABE /* LoadingViewController.swift */; };
		C31087B51BE1035800064ABE /* UberWebViewScreen.storyboard in Resources */ = {isa = PBXBuildFile; fileRef = C31087B41BE1035800064ABE /* UberWebViewScreen.storyboard */; };
		C31087B81BE1050800064ABE /* NetworkingConstants.m in Sources */ = {isa = PBXBuildFile; fileRef = C31087B71BE1050800064ABE /* NetworkingConstants.m */; };
		C31087BE1BE1367600064ABE /* MapChildViewController.swift in Sources */ = {isa = PBXBuildFile; fileRef = C31087BD1BE1367600064ABE /* MapChildViewController.swift */; };
		C365CA7E1BD6911D0013D474 /* NetworkingManager.swift in Sources */ = {isa = PBXBuildFile; fileRef = C365CA7D1BD6911D0013D474 /* NetworkingManager.swift */; };
		D6953FED1BDF7EDF00AC83D0 /* LoadingScreen.storyboard in Resources */ = {isa = PBXBuildFile; fileRef = D6953FEB1BDF7EDF00AC83D0 /* LoadingScreen.storyboard */; };
		D6D16A7F1BD67D360009B845 /* AppDelegate.swift in Sources */ = {isa = PBXBuildFile; fileRef = D6D16A7E1BD67D360009B845 /* AppDelegate.swift */; };
		D6D16A841BD67D360009B845 /* Main.storyboard in Resources */ = {isa = PBXBuildFile; fileRef = D6D16A821BD67D360009B845 /* Main.storyboard */; };
		D6D16A861BD67D360009B845 /* Assets.xcassets in Resources */ = {isa = PBXBuildFile; fileRef = D6D16A851BD67D360009B845 /* Assets.xcassets */; };
		D6D16A891BD67D360009B845 /* LaunchScreen.storyboard in Resources */ = {isa = PBXBuildFile; fileRef = D6D16A871BD67D360009B845 /* LaunchScreen.storyboard */; };
		D6D16A941BD67D360009B845 /* UBar_SwiftTests.swift in Sources */ = {isa = PBXBuildFile; fileRef = D6D16A931BD67D360009B845 /* UBar_SwiftTests.swift */; };
		D6D16A9F1BD67D360009B845 /* UBar_SwiftUITests.swift in Sources */ = {isa = PBXBuildFile; fileRef = D6D16A9E1BD67D360009B845 /* UBar_SwiftUITests.swift */; };
		D6D312971BE3530E008EA10B /* BarViewController.swift in Sources */ = {isa = PBXBuildFile; fileRef = D6D312961BE3530E008EA10B /* BarViewController.swift */; };
		D6D312991BE35318008EA10B /* Theme.swift in Sources */ = {isa = PBXBuildFile; fileRef = D6D312981BE35318008EA10B /* Theme.swift */; };
		D6D3129B1BE3531F008EA10B /* AppDelegate.swift in Sources */ = {isa = PBXBuildFile; fileRef = D6D3129A1BE3531F008EA10B /* AppDelegate.swift */; };
		D6D3129D1BE35329008EA10B /* Main.storyboard in Resources */ = {isa = PBXBuildFile; fileRef = D6D3129C1BE35329008EA10B /* Main.storyboard */; };
		D6D3129F1BE35331008EA10B /* BarTableViewController.swift in Sources */ = {isa = PBXBuildFile; fileRef = D6D3129E1BE35331008EA10B /* BarTableViewController.swift */; };
		D6D312A11BE35338008EA10B /* PubDetailViewController.swift in Sources */ = {isa = PBXBuildFile; fileRef = D6D312A01BE35338008EA10B /* PubDetailViewController.swift */; };
/* End PBXBuildFile section */

/* Begin PBXContainerItemProxy section */
		D6D16A901BD67D360009B845 /* PBXContainerItemProxy */ = {
			isa = PBXContainerItemProxy;
			containerPortal = D6D16A731BD67D360009B845 /* Project object */;
			proxyType = 1;
			remoteGlobalIDString = D6D16A7A1BD67D360009B845;
			remoteInfo = "UBar-Swift";
		};
		D6D16A9B1BD67D360009B845 /* PBXContainerItemProxy */ = {
			isa = PBXContainerItemProxy;
			containerPortal = D6D16A731BD67D360009B845 /* Project object */;
			proxyType = 1;
			remoteGlobalIDString = D6D16A7A1BD67D360009B845;
			remoteInfo = "UBar-Swift";
		};
/* End PBXContainerItemProxy section */

/* Begin PBXFileReference section */
		0C5BB7932FA9DA3321E9A52B /* Pods-UBar-Swift.debug.xcconfig */ = {isa = PBXFileReference; includeInIndex = 1; lastKnownFileType = text.xcconfig; name = "Pods-UBar-Swift.debug.xcconfig"; path = "Pods/Target Support Files/Pods-UBar-Swift/Pods-UBar-Swift.debug.xcconfig"; sourceTree = "<group>"; };
		1474BE2C1BDE858400F63349 /* CSAMapViewController.storyboard */ = {isa = PBXFileReference; fileEncoding = 4; lastKnownFileType = file.storyboard; path = CSAMapViewController.storyboard; sourceTree = "<group>"; };
		1474BE301BDE87FF00F63349 /* MapViewController.swift */ = {isa = PBXFileReference; fileEncoding = 4; lastKnownFileType = sourcecode.swift; path = MapViewController.swift; sourceTree = "<group>"; };
		1474BE331BDF945200F63349 /* RootNavigationController.swift */ = {isa = PBXFileReference; fileEncoding = 4; lastKnownFileType = sourcecode.swift; path = RootNavigationController.swift; sourceTree = "<group>"; };
		891ADBD517AE837AF6CCAA7B /* Pods_UBar_Swift.framework */ = {isa = PBXFileReference; explicitFileType = wrapper.framework; includeInIndex = 0; path = Pods_UBar_Swift.framework; sourceTree = BUILT_PRODUCTS_DIR; };
		C31087A31BE0F54D00064ABE /* CSAErrorDomain.h */ = {isa = PBXFileReference; lastKnownFileType = sourcecode.c.h; path = CSAErrorDomain.h; sourceTree = "<group>"; };
		C31087A41BE0F54D00064ABE /* HTTPStatusCodes.h */ = {isa = PBXFileReference; lastKnownFileType = sourcecode.c.h; path = HTTPStatusCodes.h; sourceTree = "<group>"; };
		C31087A51BE0F60600064ABE /* CSAErrorDomain.m */ = {isa = PBXFileReference; fileEncoding = 4; lastKnownFileType = sourcecode.c.objc; path = CSAErrorDomain.m; sourceTree = "<group>"; };
		C31087A71BE101E900064ABE /* UberWebViewController.h */ = {isa = PBXFileReference; fileEncoding = 4; lastKnownFileType = sourcecode.c.h; path = UberWebViewController.h; sourceTree = "<group>"; };
		C31087A81BE101E900064ABE /* UberWebViewController.m */ = {isa = PBXFileReference; fileEncoding = 4; lastKnownFileType = sourcecode.c.objc; path = UberWebViewController.m; sourceTree = "<group>"; };
		C31087AD1BE102E900064ABE /* PubDetailViewController.swift */ = {isa = PBXFileReference; fileEncoding = 4; lastKnownFileType = sourcecode.swift; path = PubDetailViewController.swift; sourceTree = "<group>"; };
		C31087AE1BE102E900064ABE /* PubsTableViewController.swift */ = {isa = PBXFileReference; fileEncoding = 4; lastKnownFileType = sourcecode.swift; path = PubsTableViewController.swift; sourceTree = "<group>"; };
		C31087B11BE1030A00064ABE /* LoadingViewController.swift */ = {isa = PBXFileReference; fileEncoding = 4; lastKnownFileType = sourcecode.swift; path = LoadingViewController.swift; sourceTree = "<group>"; };
		C31087B41BE1035800064ABE /* UberWebViewScreen.storyboard */ = {isa = PBXFileReference; fileEncoding = 4; lastKnownFileType = file.storyboard; path = UberWebViewScreen.storyboard; sourceTree = "<group>"; };
		C31087B61BE1050800064ABE /* NetworkingConstants.h */ = {isa = PBXFileReference; fileEncoding = 4; lastKnownFileType = sourcecode.c.h; path = NetworkingConstants.h; sourceTree = "<group>"; };
		C31087B71BE1050800064ABE /* NetworkingConstants.m */ = {isa = PBXFileReference; fileEncoding = 4; lastKnownFileType = sourcecode.c.objc; path = NetworkingConstants.m; sourceTree = "<group>"; };
		C31087BD1BE1367600064ABE /* MapChildViewController.swift */ = {isa = PBXFileReference; fileEncoding = 4; lastKnownFileType = sourcecode.swift; path = MapChildViewController.swift; sourceTree = "<group>"; };
		C365CA7D1BD6911D0013D474 /* NetworkingManager.swift */ = {isa = PBXFileReference; fileEncoding = 4; lastKnownFileType = sourcecode.swift; path = NetworkingManager.swift; sourceTree = "<group>"; };
		C365CA7F1BD6A1920013D474 /* UBar-Swift-Bridging-Header.h */ = {isa = PBXFileReference; lastKnownFileType = sourcecode.c.h; path = "UBar-Swift-Bridging-Header.h"; sourceTree = "<group>"; };
		D6953FEC1BDF7EDF00AC83D0 /* Base */ = {isa = PBXFileReference; lastKnownFileType = file.storyboard; name = Base; path = Base.lproj/LoadingScreen.storyboard; sourceTree = "<group>"; };
		D6D16A7B1BD67D360009B845 /* UBar-Swift.app */ = {isa = PBXFileReference; explicitFileType = wrapper.application; includeInIndex = 0; path = "UBar-Swift.app"; sourceTree = BUILT_PRODUCTS_DIR; };
		D6D16A7E1BD67D360009B845 /* AppDelegate.swift */ = {isa = PBXFileReference; lastKnownFileType = sourcecode.swift; path = AppDelegate.swift; sourceTree = "<group>"; };
		D6D16A831BD67D360009B845 /* Base */ = {isa = PBXFileReference; lastKnownFileType = file.storyboard; name = Base; path = Base.lproj/Main.storyboard; sourceTree = "<group>"; };
		D6D16A851BD67D360009B845 /* Assets.xcassets */ = {isa = PBXFileReference; lastKnownFileType = folder.assetcatalog; path = Assets.xcassets; sourceTree = "<group>"; };
		D6D16A881BD67D360009B845 /* Base */ = {isa = PBXFileReference; lastKnownFileType = file.storyboard; name = Base; path = Base.lproj/LaunchScreen.storyboard; sourceTree = "<group>"; };
		D6D16A8A1BD67D360009B845 /* Info.plist */ = {isa = PBXFileReference; lastKnownFileType = text.plist.xml; path = Info.plist; sourceTree = "<group>"; };
		D6D16A8F1BD67D360009B845 /* UBar-SwiftTests.xctest */ = {isa = PBXFileReference; explicitFileType = wrapper.cfbundle; includeInIndex = 0; path = "UBar-SwiftTests.xctest"; sourceTree = BUILT_PRODUCTS_DIR; };
		D6D16A931BD67D360009B845 /* UBar_SwiftTests.swift */ = {isa = PBXFileReference; lastKnownFileType = sourcecode.swift; path = UBar_SwiftTests.swift; sourceTree = "<group>"; };
		D6D16A951BD67D360009B845 /* Info.plist */ = {isa = PBXFileReference; lastKnownFileType = text.plist.xml; path = Info.plist; sourceTree = "<group>"; };
		D6D16A9A1BD67D360009B845 /* UBar-SwiftUITests.xctest */ = {isa = PBXFileReference; explicitFileType = wrapper.cfbundle; includeInIndex = 0; path = "UBar-SwiftUITests.xctest"; sourceTree = BUILT_PRODUCTS_DIR; };
		D6D16A9E1BD67D360009B845 /* UBar_SwiftUITests.swift */ = {isa = PBXFileReference; lastKnownFileType = sourcecode.swift; path = UBar_SwiftUITests.swift; sourceTree = "<group>"; };
		D6D16AA01BD67D360009B845 /* Info.plist */ = {isa = PBXFileReference; lastKnownFileType = text.plist.xml; path = Info.plist; sourceTree = "<group>"; };
		D6D312961BE3530E008EA10B /* BarViewController.swift */ = {isa = PBXFileReference; fileEncoding = 4; lastKnownFileType = sourcecode.swift; path = BarViewController.swift; sourceTree = "<group>"; };
		D6D312981BE35318008EA10B /* Theme.swift */ = {isa = PBXFileReference; fileEncoding = 4; lastKnownFileType = sourcecode.swift; path = Theme.swift; sourceTree = "<group>"; };
		D6D3129A1BE3531F008EA10B /* AppDelegate.swift */ = {isa = PBXFileReference; fileEncoding = 4; lastKnownFileType = sourcecode.swift; path = AppDelegate.swift; sourceTree = "<group>"; };
		D6D3129C1BE35329008EA10B /* Main.storyboard */ = {isa = PBXFileReference; fileEncoding = 4; lastKnownFileType = file.storyboard; path = Main.storyboard; sourceTree = "<group>"; };
		D6D3129E1BE35331008EA10B /* BarTableViewController.swift */ = {isa = PBXFileReference; fileEncoding = 4; lastKnownFileType = sourcecode.swift; path = BarTableViewController.swift; sourceTree = "<group>"; };
		D6D312A01BE35338008EA10B /* PubDetailViewController.swift */ = {isa = PBXFileReference; fileEncoding = 4; lastKnownFileType = sourcecode.swift; path = PubDetailViewController.swift; sourceTree = "<group>"; };
		F5AC50D78B6060FE6B805A73 /* Pods-UBar-Swift.release.xcconfig */ = {isa = PBXFileReference; includeInIndex = 1; lastKnownFileType = text.xcconfig; name = "Pods-UBar-Swift.release.xcconfig"; path = "Pods/Target Support Files/Pods-UBar-Swift/Pods-UBar-Swift.release.xcconfig"; sourceTree = "<group>"; };
/* End PBXFileReference section */

/* Begin PBXFrameworksBuildPhase section */
		D6D16A781BD67D360009B845 /* Frameworks */ = {
			isa = PBXFrameworksBuildPhase;
			buildActionMask = 2147483647;
			files = (
				347A34FA228DE98EA7296A81 /* Pods_UBar_Swift.framework in Frameworks */,
			);
			runOnlyForDeploymentPostprocessing = 0;
		};
		D6D16A8C1BD67D360009B845 /* Frameworks */ = {
			isa = PBXFrameworksBuildPhase;
			buildActionMask = 2147483647;
			files = (
			);
			runOnlyForDeploymentPostprocessing = 0;
		};
		D6D16A971BD67D360009B845 /* Frameworks */ = {
			isa = PBXFrameworksBuildPhase;
			buildActionMask = 2147483647;
			files = (
			);
			runOnlyForDeploymentPostprocessing = 0;
		};
/* End PBXFrameworksBuildPhase section */

/* Begin PBXGroup section */
		1474BE2F1BDE85B700F63349 /* Resources */ = {
			isa = PBXGroup;
			children = (
			);
			name = Resources;
			sourceTree = "<group>";
		};
		1474BE321BDE895000F63349 /* ViewControllers */ = {
			isa = PBXGroup;
			children = (
				C31087B11BE1030A00064ABE /* LoadingViewController.swift */,
				1474BE301BDE87FF00F63349 /* MapViewController.swift */,
				C31087BD1BE1367600064ABE /* MapChildViewController.swift */,
				C31087AD1BE102E900064ABE /* PubDetailViewController.swift */,
				C31087AE1BE102E900064ABE /* PubsTableViewController.swift */,
				1474BE331BDF945200F63349 /* RootNavigationController.swift */,
				C31087A71BE101E900064ABE /* UberWebViewController.h */,
				C31087A81BE101E900064ABE /* UberWebViewController.m */,
			);
			path = ViewControllers;
			sourceTree = "<group>";
		};
		1474BE381BE10AF800F63349 /* Models */ = {
			isa = PBXGroup;
			children = (
				D6D83C131BD908C400F84A1B /* Pub.swift */,
			);
			name = Models;
			sourceTree = "<group>";
		};
		6AF8E0E263859ABAD2132814 /* Pods */ = {
			isa = PBXGroup;
			children = (
				0C5BB7932FA9DA3321E9A52B /* Pods-UBar-Swift.debug.xcconfig */,
				F5AC50D78B6060FE6B805A73 /* Pods-UBar-Swift.release.xcconfig */,
			);
			name = Pods;
			sourceTree = "<group>";
		};
		9CCB618242CC119CBB8C4768 /* Frameworks */ = {
			isa = PBXGroup;
			children = (
				891ADBD517AE837AF6CCAA7B /* Pods_UBar_Swift.framework */,
			);
			name = Frameworks;
			sourceTree = "<group>";
		};
		C31087B31BE1032A00064ABE /* Storyboards */ = {
			isa = PBXGroup;
			children = (
				1474BE2C1BDE858400F63349 /* CSAMapViewController.storyboard */,
				D6953FEB1BDF7EDF00AC83D0 /* LoadingScreen.storyboard */,
				D6D16A821BD67D360009B845 /* Main.storyboard */,
				C31087B41BE1035800064ABE /* UberWebViewScreen.storyboard */,
			);
			name = Storyboards;
			sourceTree = "<group>";
		};
		C365CA7C1BD6905A0013D474 /* Managers */ = {
			isa = PBXGroup;
			children = (
				C365CA7D1BD6911D0013D474 /* NetworkingManager.swift */,
			);
			path = Managers;
			sourceTree = "<group>";
		};
		C365CA831BD6A72C0013D474 /* Constants */ = {
			isa = PBXGroup;
			children = (
				C31087A31BE0F54D00064ABE /* CSAErrorDomain.h */,
				C31087A51BE0F60600064ABE /* CSAErrorDomain.m */,
				C31087A41BE0F54D00064ABE /* HTTPStatusCodes.h */,
				C31087B61BE1050800064ABE /* NetworkingConstants.h */,
				C31087B71BE1050800064ABE /* NetworkingConstants.m */,
			);
			path = Constants;
			sourceTree = "<group>";
		};
		D6D16A721BD67D360009B845 = {
			isa = PBXGroup;
			children = (
				D6D16A7D1BD67D360009B845 /* UBar-Swift */,
				D6D16A921BD67D360009B845 /* UBar-SwiftTests */,
				D6D16A9D1BD67D360009B845 /* UBar-SwiftUITests */,
				D6D16A7C1BD67D360009B845 /* Products */,
				6AF8E0E263859ABAD2132814 /* Pods */,
				9CCB618242CC119CBB8C4768 /* Frameworks */,
			);
			sourceTree = "<group>";
		};
		D6D16A7C1BD67D360009B845 /* Products */ = {
			isa = PBXGroup;
			children = (
				D6D16A7B1BD67D360009B845 /* UBar-Swift.app */,
				D6D16A8F1BD67D360009B845 /* UBar-SwiftTests.xctest */,
				D6D16A9A1BD67D360009B845 /* UBar-SwiftUITests.xctest */,
			);
			name = Products;
			sourceTree = "<group>";
		};
		D6D16A7D1BD67D360009B845 /* UBar-Swift */ = {
			isa = PBXGroup;
			children = (
				D6D16A7E1BD67D360009B845 /* AppDelegate.swift */,
				1474BE321BDE895000F63349 /* ViewControllers */,
				C365CA831BD6A72C0013D474 /* Constants */,
				C365CA7C1BD6905A0013D474 /* Managers */,
				C31087B31BE1032A00064ABE /* Storyboards */,
				D6D16A851BD67D360009B845 /* Assets.xcassets */,
				D6D16A871BD67D360009B845 /* LaunchScreen.storyboard */,
				D6D3129C1BE35329008EA10B /* Main.storyboard */,
				D6953FEB1BDF7EDF00AC83D0 /* LoadingScreen.storyboard */,
				D6D16A8A1BD67D360009B845 /* Info.plist */,
				C365CA7F1BD6A1920013D474 /* UBar-Swift-Bridging-Header.h */,
				1474BE2F1BDE85B700F63349 /* Resources */,
				1474BE381BE10AF800F63349 /* Models */,
			);
			path = "UBar-Swift";
			sourceTree = "<group>";
		};
		D6D16A921BD67D360009B845 /* UBar-SwiftTests */ = {
			isa = PBXGroup;
			children = (
				D6D16A931BD67D360009B845 /* UBar_SwiftTests.swift */,
				D6D16A951BD67D360009B845 /* Info.plist */,
			);
			path = "UBar-SwiftTests";
			sourceTree = "<group>";
		};
		D6D16A9D1BD67D360009B845 /* UBar-SwiftUITests */ = {
			isa = PBXGroup;
			children = (
				D6D16A9E1BD67D360009B845 /* UBar_SwiftUITests.swift */,
				D6D16AA01BD67D360009B845 /* Info.plist */,
			);
			path = "UBar-SwiftUITests";
			sourceTree = "<group>";
		};
/* End PBXGroup section */

/* Begin PBXNativeTarget section */
		D6D16A7A1BD67D360009B845 /* UBar-Swift */ = {
			isa = PBXNativeTarget;
			buildConfigurationList = D6D16AA31BD67D360009B845 /* Build configuration list for PBXNativeTarget "UBar-Swift" */;
			buildPhases = (
				A7F89F778F4F14EA0F06038D /* Check Pods Manifest.lock */,
				D6D16A771BD67D360009B845 /* Sources */,
				D6D16A781BD67D360009B845 /* Frameworks */,
				D6D16A791BD67D360009B845 /* Resources */,
				72D4379EC327CDD075DE4F31 /* Embed Pods Frameworks */,
				22E772ED8C884ED2BBE4ECFA /* Copy Pods Resources */,
			);
			buildRules = (
			);
			dependencies = (
			);
			name = "UBar-Swift";
			productName = "UBar-Swift";
			productReference = D6D16A7B1BD67D360009B845 /* UBar-Swift.app */;
			productType = "com.apple.product-type.application";
		};
		D6D16A8E1BD67D360009B845 /* UBar-SwiftTests */ = {
			isa = PBXNativeTarget;
			buildConfigurationList = D6D16AA61BD67D360009B845 /* Build configuration list for PBXNativeTarget "UBar-SwiftTests" */;
			buildPhases = (
				D6D16A8B1BD67D360009B845 /* Sources */,
				D6D16A8C1BD67D360009B845 /* Frameworks */,
				D6D16A8D1BD67D360009B845 /* Resources */,
			);
			buildRules = (
			);
			dependencies = (
				D6D16A911BD67D360009B845 /* PBXTargetDependency */,
			);
			name = "UBar-SwiftTests";
			productName = "UBar-SwiftTests";
			productReference = D6D16A8F1BD67D360009B845 /* UBar-SwiftTests.xctest */;
			productType = "com.apple.product-type.bundle.unit-test";
		};
		D6D16A991BD67D360009B845 /* UBar-SwiftUITests */ = {
			isa = PBXNativeTarget;
			buildConfigurationList = D6D16AA91BD67D360009B845 /* Build configuration list for PBXNativeTarget "UBar-SwiftUITests" */;
			buildPhases = (
				D6D16A961BD67D360009B845 /* Sources */,
				D6D16A971BD67D360009B845 /* Frameworks */,
				D6D16A981BD67D360009B845 /* Resources */,
			);
			buildRules = (
			);
			dependencies = (
				D6D16A9C1BD67D360009B845 /* PBXTargetDependency */,
			);
			name = "UBar-SwiftUITests";
			productName = "UBar-SwiftUITests";
			productReference = D6D16A9A1BD67D360009B845 /* UBar-SwiftUITests.xctest */;
			productType = "com.apple.product-type.bundle.ui-testing";
		};
/* End PBXNativeTarget section */

/* Begin PBXProject section */
		D6D16A731BD67D360009B845 /* Project object */ = {
			isa = PBXProject;
			attributes = {
				LastSwiftUpdateCheck = 0700;
				LastUpgradeCheck = 0700;
				ORGANIZATIONNAME = "Bettina Hegedus";
				TargetAttributes = {
					D6D16A7A1BD67D360009B845 = {
						CreatedOnToolsVersion = 7.0.1;
						DevelopmentTeam = J53857Z5GF;
					};
					D6D16A8E1BD67D360009B845 = {
						CreatedOnToolsVersion = 7.0.1;
						TestTargetID = D6D16A7A1BD67D360009B845;
					};
					D6D16A991BD67D360009B845 = {
						CreatedOnToolsVersion = 7.0.1;
						TestTargetID = D6D16A7A1BD67D360009B845;
					};
				};
			};
			buildConfigurationList = D6D16A761BD67D360009B845 /* Build configuration list for PBXProject "UBar-Swift" */;
			compatibilityVersion = "Xcode 3.2";
			developmentRegion = English;
			hasScannedForEncodings = 0;
			knownRegions = (
				en,
				Base,
			);
			mainGroup = D6D16A721BD67D360009B845;
			productRefGroup = D6D16A7C1BD67D360009B845 /* Products */;
			projectDirPath = "";
			projectRoot = "";
			targets = (
				D6D16A7A1BD67D360009B845 /* UBar-Swift */,
				D6D16A8E1BD67D360009B845 /* UBar-SwiftTests */,
				D6D16A991BD67D360009B845 /* UBar-SwiftUITests */,
			);
		};
/* End PBXProject section */

/* Begin PBXResourcesBuildPhase section */
		D6D16A791BD67D360009B845 /* Resources */ = {
			isa = PBXResourcesBuildPhase;
			buildActionMask = 2147483647;
			files = (
				D6D16A891BD67D360009B845 /* LaunchScreen.storyboard in Resources */,
				D6953FED1BDF7EDF00AC83D0 /* LoadingScreen.storyboard in Resources */,
				D6D16A861BD67D360009B845 /* Assets.xcassets in Resources */,
				1474BE2D1BDE858400F63349 /* CSAMapViewController.storyboard in Resources */,
				C31087B51BE1035800064ABE /* UberWebViewScreen.storyboard in Resources */,
				D6D16A841BD67D360009B845 /* Main.storyboard in Resources */,
			);
			runOnlyForDeploymentPostprocessing = 0;
		};
		D6D16A8D1BD67D360009B845 /* Resources */ = {
			isa = PBXResourcesBuildPhase;
			buildActionMask = 2147483647;
			files = (
			);
			runOnlyForDeploymentPostprocessing = 0;
		};
		D6D16A981BD67D360009B845 /* Resources */ = {
			isa = PBXResourcesBuildPhase;
			buildActionMask = 2147483647;
			files = (
			);
			runOnlyForDeploymentPostprocessing = 0;
		};
/* End PBXResourcesBuildPhase section */

/* Begin PBXShellScriptBuildPhase section */
		22E772ED8C884ED2BBE4ECFA /* Copy Pods Resources */ = {
			isa = PBXShellScriptBuildPhase;
			buildActionMask = 2147483647;
			files = (
			);
			inputPaths = (
			);
			name = "Copy Pods Resources";
			outputPaths = (
			);
			runOnlyForDeploymentPostprocessing = 0;
			shellPath = /bin/sh;
			shellScript = "\"${SRCROOT}/Pods/Target Support Files/Pods-UBar-Swift/Pods-UBar-Swift-resources.sh\"\n";
			showEnvVarsInLog = 0;
		};
		72D4379EC327CDD075DE4F31 /* Embed Pods Frameworks */ = {
			isa = PBXShellScriptBuildPhase;
			buildActionMask = 2147483647;
			files = (
			);
			inputPaths = (
			);
			name = "Embed Pods Frameworks";
			outputPaths = (
			);
			runOnlyForDeploymentPostprocessing = 0;
			shellPath = /bin/sh;
			shellScript = "\"${SRCROOT}/Pods/Target Support Files/Pods-UBar-Swift/Pods-UBar-Swift-frameworks.sh\"\n";
			showEnvVarsInLog = 0;
		};
		A7F89F778F4F14EA0F06038D /* Check Pods Manifest.lock */ = {
			isa = PBXShellScriptBuildPhase;
			buildActionMask = 2147483647;
			files = (
			);
			inputPaths = (
			);
			name = "Check Pods Manifest.lock";
			outputPaths = (
			);
			runOnlyForDeploymentPostprocessing = 0;
			shellPath = /bin/sh;
			shellScript = "diff \"${PODS_ROOT}/../Podfile.lock\" \"${PODS_ROOT}/Manifest.lock\" > /dev/null\nif [[ $? != 0 ]] ; then\n    cat << EOM\nerror: The sandbox is not in sync with the Podfile.lock. Run 'pod install' or update your CocoaPods installation.\nEOM\n    exit 1\nfi\n";
			showEnvVarsInLog = 0;
		};
/* End PBXShellScriptBuildPhase section */

/* Begin PBXSourcesBuildPhase section */
		D6D16A771BD67D360009B845 /* Sources */ = {
			isa = PBXSourcesBuildPhase;
			buildActionMask = 2147483647;
			files = (
				C31087A91BE101E900064ABE /* UberWebViewController.m in Sources */,
				C31087AF1BE102E900064ABE /* PubDetailViewController.swift in Sources */,
				D6D83C141BD908C400F84A1B /* Pub.swift in Sources */,
				C365CA7E1BD6911D0013D474 /* NetworkingManager.swift in Sources */,
				C31087BE1BE1367600064ABE /* MapChildViewController.swift in Sources */,
				C31087A61BE0F60600064ABE /* CSAErrorDomain.m in Sources */,
				D6D16A7F1BD67D360009B845 /* AppDelegate.swift in Sources */,
				C31087B01BE102E900064ABE /* PubsTableViewController.swift in Sources */,
				1474BE341BDF945200F63349 /* RootNavigationController.swift in Sources */,
				C31087B81BE1050800064ABE /* NetworkingConstants.m in Sources */,
				1474BE351BDFAF2D00F63349 /* MapViewController.swift in Sources */,
				C31087B21BE1030A00064ABE /* LoadingViewController.swift in Sources */,
			);
			runOnlyForDeploymentPostprocessing = 0;
		};
		D6D16A8B1BD67D360009B845 /* Sources */ = {
			isa = PBXSourcesBuildPhase;
			buildActionMask = 2147483647;
			files = (
				D6D16A941BD67D360009B845 /* UBar_SwiftTests.swift in Sources */,
			);
			runOnlyForDeploymentPostprocessing = 0;
		};
		D6D16A961BD67D360009B845 /* Sources */ = {
			isa = PBXSourcesBuildPhase;
			buildActionMask = 2147483647;
			files = (
				D6D16A9F1BD67D360009B845 /* UBar_SwiftUITests.swift in Sources */,
			);
			runOnlyForDeploymentPostprocessing = 0;
		};
/* End PBXSourcesBuildPhase section */

/* Begin PBXTargetDependency section */
		D6D16A911BD67D360009B845 /* PBXTargetDependency */ = {
			isa = PBXTargetDependency;
			target = D6D16A7A1BD67D360009B845 /* UBar-Swift */;
			targetProxy = D6D16A901BD67D360009B845 /* PBXContainerItemProxy */;
		};
		D6D16A9C1BD67D360009B845 /* PBXTargetDependency */ = {
			isa = PBXTargetDependency;
			target = D6D16A7A1BD67D360009B845 /* UBar-Swift */;
			targetProxy = D6D16A9B1BD67D360009B845 /* PBXContainerItemProxy */;
		};
/* End PBXTargetDependency section */

/* Begin PBXVariantGroup section */
		D6953FEB1BDF7EDF00AC83D0 /* LoadingScreen.storyboard */ = {
			isa = PBXVariantGroup;
			children = (
				D6953FEC1BDF7EDF00AC83D0 /* Base */,
			);
			name = LoadingScreen.storyboard;
			sourceTree = "<group>";
		};
		D6D16A871BD67D360009B845 /* LaunchScreen.storyboard */ = {
			isa = PBXVariantGroup;
			children = (
				D6D16A881BD67D360009B845 /* Base */,
			);
			name = LaunchScreen.storyboard;
			sourceTree = "<group>";
		};
/* End PBXVariantGroup section */

/* Begin XCBuildConfiguration section */
		D6D16AA11BD67D360009B845 /* Debug */ = {
			isa = XCBuildConfiguration;
			buildSettings = {
				ALWAYS_SEARCH_USER_PATHS = NO;
				CLANG_CXX_LANGUAGE_STANDARD = "gnu++0x";
				CLANG_CXX_LIBRARY = "libc++";
				CLANG_ENABLE_MODULES = YES;
				CLANG_ENABLE_OBJC_ARC = YES;
				CLANG_WARN_BOOL_CONVERSION = YES;
				CLANG_WARN_CONSTANT_CONVERSION = YES;
				CLANG_WARN_DIRECT_OBJC_ISA_USAGE = YES_ERROR;
				CLANG_WARN_EMPTY_BODY = YES;
				CLANG_WARN_ENUM_CONVERSION = YES;
				CLANG_WARN_INT_CONVERSION = YES;
				CLANG_WARN_OBJC_ROOT_CLASS = YES_ERROR;
				CLANG_WARN_UNREACHABLE_CODE = YES;
				CLANG_WARN__DUPLICATE_METHOD_MATCH = YES;
				"CODE_SIGN_IDENTITY[sdk=iphoneos*]" = "iPhone Developer";
				COPY_PHASE_STRIP = NO;
				DEBUG_INFORMATION_FORMAT = dwarf;
				ENABLE_STRICT_OBJC_MSGSEND = YES;
				ENABLE_TESTABILITY = YES;
				GCC_C_LANGUAGE_STANDARD = gnu99;
				GCC_DYNAMIC_NO_PIC = NO;
				GCC_NO_COMMON_BLOCKS = YES;
				GCC_OPTIMIZATION_LEVEL = 0;
				GCC_PREPROCESSOR_DEFINITIONS = (
					"DEBUG=1",
					"$(inherited)",
				);
				GCC_WARN_64_TO_32_BIT_CONVERSION = YES;
				GCC_WARN_ABOUT_RETURN_TYPE = YES_ERROR;
				GCC_WARN_UNDECLARED_SELECTOR = YES;
				GCC_WARN_UNINITIALIZED_AUTOS = YES_AGGRESSIVE;
				GCC_WARN_UNUSED_FUNCTION = YES;
				GCC_WARN_UNUSED_VARIABLE = YES;
				IPHONEOS_DEPLOYMENT_TARGET = 8.0;
				MTL_ENABLE_DEBUG_INFO = YES;
				ONLY_ACTIVE_ARCH = YES;
				SDKROOT = iphoneos;
				SWIFT_OPTIMIZATION_LEVEL = "-Onone";
			};
			name = Debug;
		};
		D6D16AA21BD67D360009B845 /* Release */ = {
			isa = XCBuildConfiguration;
			buildSettings = {
				ALWAYS_SEARCH_USER_PATHS = NO;
				CLANG_CXX_LANGUAGE_STANDARD = "gnu++0x";
				CLANG_CXX_LIBRARY = "libc++";
				CLANG_ENABLE_MODULES = YES;
				CLANG_ENABLE_OBJC_ARC = YES;
				CLANG_WARN_BOOL_CONVERSION = YES;
				CLANG_WARN_CONSTANT_CONVERSION = YES;
				CLANG_WARN_DIRECT_OBJC_ISA_USAGE = YES_ERROR;
				CLANG_WARN_EMPTY_BODY = YES;
				CLANG_WARN_ENUM_CONVERSION = YES;
				CLANG_WARN_INT_CONVERSION = YES;
				CLANG_WARN_OBJC_ROOT_CLASS = YES_ERROR;
				CLANG_WARN_UNREACHABLE_CODE = YES;
				CLANG_WARN__DUPLICATE_METHOD_MATCH = YES;
				"CODE_SIGN_IDENTITY[sdk=iphoneos*]" = "iPhone Developer";
				COPY_PHASE_STRIP = NO;
				DEBUG_INFORMATION_FORMAT = "dwarf-with-dsym";
				ENABLE_NS_ASSERTIONS = NO;
				ENABLE_STRICT_OBJC_MSGSEND = YES;
				GCC_C_LANGUAGE_STANDARD = gnu99;
				GCC_NO_COMMON_BLOCKS = YES;
				GCC_WARN_64_TO_32_BIT_CONVERSION = YES;
				GCC_WARN_ABOUT_RETURN_TYPE = YES_ERROR;
				GCC_WARN_UNDECLARED_SELECTOR = YES;
				GCC_WARN_UNINITIALIZED_AUTOS = YES_AGGRESSIVE;
				GCC_WARN_UNUSED_FUNCTION = YES;
				GCC_WARN_UNUSED_VARIABLE = YES;
				IPHONEOS_DEPLOYMENT_TARGET = 8.0;
				MTL_ENABLE_DEBUG_INFO = NO;
				SDKROOT = iphoneos;
				VALIDATE_PRODUCT = YES;
			};
			name = Release;
		};
		D6D16AA41BD67D360009B845 /* Debug */ = {
			isa = XCBuildConfiguration;
			baseConfigurationReference = 0C5BB7932FA9DA3321E9A52B /* Pods-UBar-Swift.debug.xcconfig */;
			buildSettings = {
				ASSETCATALOG_COMPILER_APPICON_NAME = AppIcon;
				CLANG_ENABLE_MODULES = YES;
				CODE_SIGN_IDENTITY = "iPhone Developer";
				INFOPLIST_FILE = "UBar-Swift/Info.plist";
				LD_RUNPATH_SEARCH_PATHS = "$(inherited) @executable_path/Frameworks";
				PRODUCT_BUNDLE_IDENTIFIER = "CodingSans.UBar-Swift";
				PRODUCT_NAME = "$(TARGET_NAME)";
				SWIFT_OBJC_BRIDGING_HEADER = "UBar-Swift/UBar-Swift-Bridging-Header.h";
				SWIFT_OPTIMIZATION_LEVEL = "-Onone";
			};
			name = Debug;
		};
		D6D16AA51BD67D360009B845 /* Release */ = {
			isa = XCBuildConfiguration;
			baseConfigurationReference = F5AC50D78B6060FE6B805A73 /* Pods-UBar-Swift.release.xcconfig */;
			buildSettings = {
				ASSETCATALOG_COMPILER_APPICON_NAME = AppIcon;
				CLANG_ENABLE_MODULES = YES;
				CODE_SIGN_IDENTITY = "iPhone Developer";
				INFOPLIST_FILE = "UBar-Swift/Info.plist";
				LD_RUNPATH_SEARCH_PATHS = "$(inherited) @executable_path/Frameworks";
				PRODUCT_BUNDLE_IDENTIFIER = "CodingSans.UBar-Swift";
				PRODUCT_NAME = "$(TARGET_NAME)";
				SWIFT_OBJC_BRIDGING_HEADER = "UBar-Swift/UBar-Swift-Bridging-Header.h";
			};
			name = Release;
		};
		D6D16AA71BD67D360009B845 /* Debug */ = {
			isa = XCBuildConfiguration;
			buildSettings = {
				BUNDLE_LOADER = "$(TEST_HOST)";
				INFOPLIST_FILE = "UBar-SwiftTests/Info.plist";
				LD_RUNPATH_SEARCH_PATHS = "$(inherited) @executable_path/Frameworks @loader_path/Frameworks";
				PRODUCT_BUNDLE_IDENTIFIER = "CodingSans.UBar-SwiftTests";
				PRODUCT_NAME = "$(TARGET_NAME)";
				TEST_HOST = "$(BUILT_PRODUCTS_DIR)/UBar-Swift.app/UBar-Swift";
			};
			name = Debug;
		};
		D6D16AA81BD67D360009B845 /* Release */ = {
			isa = XCBuildConfiguration;
			buildSettings = {
				BUNDLE_LOADER = "$(TEST_HOST)";
				INFOPLIST_FILE = "UBar-SwiftTests/Info.plist";
				LD_RUNPATH_SEARCH_PATHS = "$(inherited) @executable_path/Frameworks @loader_path/Frameworks";
				PRODUCT_BUNDLE_IDENTIFIER = "CodingSans.UBar-SwiftTests";
				PRODUCT_NAME = "$(TARGET_NAME)";
				TEST_HOST = "$(BUILT_PRODUCTS_DIR)/UBar-Swift.app/UBar-Swift";
			};
			name = Release;
		};
		D6D16AAA1BD67D360009B845 /* Debug */ = {
			isa = XCBuildConfiguration;
			buildSettings = {
				INFOPLIST_FILE = "UBar-SwiftUITests/Info.plist";
				LD_RUNPATH_SEARCH_PATHS = "$(inherited) @executable_path/Frameworks @loader_path/Frameworks";
				PRODUCT_BUNDLE_IDENTIFIER = "CodingSans.UBar-SwiftUITests";
				PRODUCT_NAME = "$(TARGET_NAME)";
				TEST_TARGET_NAME = "UBar-Swift";
				USES_XCTRUNNER = YES;
			};
			name = Debug;
		};
		D6D16AAB1BD67D360009B845 /* Release */ = {
			isa = XCBuildConfiguration;
			buildSettings = {
				INFOPLIST_FILE = "UBar-SwiftUITests/Info.plist";
				LD_RUNPATH_SEARCH_PATHS = "$(inherited) @executable_path/Frameworks @loader_path/Frameworks";
				PRODUCT_BUNDLE_IDENTIFIER = "CodingSans.UBar-SwiftUITests";
				PRODUCT_NAME = "$(TARGET_NAME)";
				TEST_TARGET_NAME = "UBar-Swift";
				USES_XCTRUNNER = YES;
			};
			name = Release;
		};
/* End XCBuildConfiguration section */

/* Begin XCConfigurationList section */
		D6D16A761BD67D360009B845 /* Build configuration list for PBXProject "UBar-Swift" */ = {
			isa = XCConfigurationList;
			buildConfigurations = (
				D6D16AA11BD67D360009B845 /* Debug */,
				D6D16AA21BD67D360009B845 /* Release */,
			);
			defaultConfigurationIsVisible = 0;
			defaultConfigurationName = Release;
		};
		D6D16AA31BD67D360009B845 /* Build configuration list for PBXNativeTarget "UBar-Swift" */ = {
			isa = XCConfigurationList;
			buildConfigurations = (
				D6D16AA41BD67D360009B845 /* Debug */,
				D6D16AA51BD67D360009B845 /* Release */,
			);
			defaultConfigurationIsVisible = 0;
			defaultConfigurationName = Release;
		};
		D6D16AA61BD67D360009B845 /* Build configuration list for PBXNativeTarget "UBar-SwiftTests" */ = {
			isa = XCConfigurationList;
			buildConfigurations = (
				D6D16AA71BD67D360009B845 /* Debug */,
				D6D16AA81BD67D360009B845 /* Release */,
			);
			defaultConfigurationIsVisible = 0;
			defaultConfigurationName = Release;
		};
		D6D16AA91BD67D360009B845 /* Build configuration list for PBXNativeTarget "UBar-SwiftUITests" */ = {
			isa = XCConfigurationList;
			buildConfigurations = (
				D6D16AAA1BD67D360009B845 /* Debug */,
				D6D16AAB1BD67D360009B845 /* Release */,
			);
			defaultConfigurationIsVisible = 0;
			defaultConfigurationName = Release;
		};
/* End XCConfigurationList section */
	};
	rootObject = D6D16A731BD67D360009B845 /* Project object */;
}
